// !$*UTF8*$!
{
	archiveVersion = 1;
	classes = {
	};
	objectVersion = 56;
	objects = {

/* Begin PBXBuildFile section */
		CE7901C92C33F78600F8EAB6 /* AppDelegate.swift in Sources */ = {isa = PBXBuildFile; fileRef = CE7901C82C33F78600F8EAB6 /* AppDelegate.swift */; };
		CE7901CB2C33F78600F8EAB6 /* SceneDelegate.swift in Sources */ = {isa = PBXBuildFile; fileRef = CE7901CA2C33F78600F8EAB6 /* SceneDelegate.swift */; };
		CE7901CD2C33F78600F8EAB6 /* BaseViewController.swift in Sources */ = {isa = PBXBuildFile; fileRef = CE7901CC2C33F78600F8EAB6 /* BaseViewController.swift */; };
		CE7901D22C33F78800F8EAB6 /* Assets.xcassets in Resources */ = {isa = PBXBuildFile; fileRef = CE7901D12C33F78800F8EAB6 /* Assets.xcassets */; };
		CE7901D52C33F78900F8EAB6 /* Base in Resources */ = {isa = PBXBuildFile; fileRef = CE7901D42C33F78900F8EAB6 /* Base */; };
		CE7901DF2C34003700F8EAB6 /* BaseView.swift in Sources */ = {isa = PBXBuildFile; fileRef = CE7901DE2C34003700F8EAB6 /* BaseView.swift */; };
		CE7901E32C34023900F8EAB6 /* ListViewController.swift in Sources */ = {isa = PBXBuildFile; fileRef = CE7901E22C34023900F8EAB6 /* ListViewController.swift */; };
		CE7901E52C34025500F8EAB6 /* ListView.swift in Sources */ = {isa = PBXBuildFile; fileRef = CE7901E42C34025500F8EAB6 /* ListView.swift */; };
		CE7901EB2C34034500F8EAB6 /* SnapKit in Frameworks */ = {isa = PBXBuildFile; productRef = CE7901EA2C34034500F8EAB6 /* SnapKit */; };
		CE7901EE2C34038700F8EAB6 /* RealmSwift in Frameworks */ = {isa = PBXBuildFile; productRef = CE7901ED2C34038700F8EAB6 /* RealmSwift */; };
		CE7901F12C34053F00F8EAB6 /* Toast in Frameworks */ = {isa = PBXBuildFile; productRef = CE7901F02C34053F00F8EAB6 /* Toast */; };
		CE7901F32C3406B200F8EAB6 /* AddView.swift in Sources */ = {isa = PBXBuildFile; fileRef = CE7901F22C3406B200F8EAB6 /* AddView.swift */; };
		CE7901F52C3406C000F8EAB6 /* AddViewController.swift in Sources */ = {isa = PBXBuildFile; fileRef = CE7901F42C3406C000F8EAB6 /* AddViewController.swift */; };
		CE7901F72C34220C00F8EAB6 /* ListTableViewCell.swift in Sources */ = {isa = PBXBuildFile; fileRef = CE7901F62C34220C00F8EAB6 /* ListTableViewCell.swift */; };
		CE7901FA2C34224400F8EAB6 /* IdentifierProtocol.swift in Sources */ = {isa = PBXBuildFile; fileRef = CE7901F92C34224400F8EAB6 /* IdentifierProtocol.swift */; };
		CE7901FD2C342A1800F8EAB6 /* ToDo.swift in Sources */ = {isa = PBXBuildFile; fileRef = CE7901FC2C342A1800F8EAB6 /* ToDo.swift */; };
		CE7902002C34A5CE00F8EAB6 /* DataAddView.swift in Sources */ = {isa = PBXBuildFile; fileRef = CE7901FF2C34A5CE00F8EAB6 /* DataAddView.swift */; };
		CE7902062C3590C800F8EAB6 /* MainViewController.swift in Sources */ = {isa = PBXBuildFile; fileRef = CE7902052C3590C800F8EAB6 /* MainViewController.swift */; };
		CE7902082C3590DD00F8EAB6 /* MainView.swift in Sources */ = {isa = PBXBuildFile; fileRef = CE7902072C3590DD00F8EAB6 /* MainView.swift */; };
		CE79020A2C359A5800F8EAB6 /* MainCollectionView.swift in Sources */ = {isa = PBXBuildFile; fileRef = CE7902092C359A5800F8EAB6 /* MainCollectionView.swift */; };
		CE79020C2C359A7300F8EAB6 /* MainCollectionViewCell.swift in Sources */ = {isa = PBXBuildFile; fileRef = CE79020B2C359A7300F8EAB6 /* MainCollectionViewCell.swift */; };
		CE79020E2C35B0CF00F8EAB6 /* MainListCategory.swift in Sources */ = {isa = PBXBuildFile; fileRef = CE79020D2C35B0CF00F8EAB6 /* MainListCategory.swift */; };
		CE79020F2C35CD5C00F8EAB6 /* RealmSwift in Embed Frameworks */ = {isa = PBXBuildFile; productRef = CE7901ED2C34038700F8EAB6 /* RealmSwift */; settings = {ATTRIBUTES = (CodeSignOnCopy, ); }; };
		CE7902162C35DE8600F8EAB6 /* DeadlineViewController.swift in Sources */ = {isa = PBXBuildFile; fileRef = CE7902152C35DE8600F8EAB6 /* DeadlineViewController.swift */; };
		CE7902182C35DEAB00F8EAB6 /* DeadlineView.swift in Sources */ = {isa = PBXBuildFile; fileRef = CE7902172C35DEAA00F8EAB6 /* DeadlineView.swift */; };
		CE79021A2C35DEC300F8EAB6 /* TagViewController.swift in Sources */ = {isa = PBXBuildFile; fileRef = CE7902192C35DEC300F8EAB6 /* TagViewController.swift */; };
		CE79021C2C35DECF00F8EAB6 /* TagView.swift in Sources */ = {isa = PBXBuildFile; fileRef = CE79021B2C35DECF00F8EAB6 /* TagView.swift */; };
		CE79021E2C35DEE400F8EAB6 /* PriorityViewController.swift in Sources */ = {isa = PBXBuildFile; fileRef = CE79021D2C35DEE400F8EAB6 /* PriorityViewController.swift */; };
		CE7902202C35DEF200F8EAB6 /* PriorityView.swift in Sources */ = {isa = PBXBuildFile; fileRef = CE79021F2C35DEF200F8EAB6 /* PriorityView.swift */; };
		CE7902222C35DF5A00F8EAB6 /* ImageAddViewController.swift in Sources */ = {isa = PBXBuildFile; fileRef = CE7902212C35DF5A00F8EAB6 /* ImageAddViewController.swift */; };
		CE7902242C35DF6C00F8EAB6 /* ImageAddView.swift in Sources */ = {isa = PBXBuildFile; fileRef = CE7902232C35DF6C00F8EAB6 /* ImageAddView.swift */; };
		CE7902272C36208900F8EAB6 /* ToDoDetailViewController.swift in Sources */ = {isa = PBXBuildFile; fileRef = CE7902262C36208900F8EAB6 /* ToDoDetailViewController.swift */; };
		CE7902292C36209F00F8EAB6 /* ToDoDetailView.swift in Sources */ = {isa = PBXBuildFile; fileRef = CE7902282C36209F00F8EAB6 /* ToDoDetailView.swift */; };
		CE79022F2C36675B00F8EAB6 /* ToDoRepository.swift in Sources */ = {isa = PBXBuildFile; fileRef = CE79022E2C36675A00F8EAB6 /* ToDoRepository.swift */; };
		CEE0229B2C3C0DA300208A8A /* AddFolderViewController.swift in Sources */ = {isa = PBXBuildFile; fileRef = CEE0229A2C3C0DA300208A8A /* AddFolderViewController.swift */; };
		CEE0229D2C3C0DEC00208A8A /* AddFolderView.swift in Sources */ = {isa = PBXBuildFile; fileRef = CEE0229C2C3C0DEC00208A8A /* AddFolderView.swift */; };
		CEE022AF2C3D4DD700208A8A /* DeadlineViewModel.swift in Sources */ = {isa = PBXBuildFile; fileRef = CEE022AE2C3D4DD700208A8A /* DeadlineViewModel.swift */; };
		CEE022B12C3D4E6B00208A8A /* Observable.swift in Sources */ = {isa = PBXBuildFile; fileRef = CEE022B02C3D4E6B00208A8A /* Observable.swift */; };
/* End PBXBuildFile section */

/* Begin PBXCopyFilesBuildPhase section */
		CE7902102C35CD5C00F8EAB6 /* Embed Frameworks */ = {
			isa = PBXCopyFilesBuildPhase;
			buildActionMask = 2147483647;
			dstPath = "";
			dstSubfolderSpec = 10;
			files = (
				CE79020F2C35CD5C00F8EAB6 /* RealmSwift in Embed Frameworks */,
			);
			name = "Embed Frameworks";
			runOnlyForDeploymentPostprocessing = 0;
		};
/* End PBXCopyFilesBuildPhase section */

/* Begin PBXFileReference section */
		CE7901C52C33F78600F8EAB6 /* Reminder.app */ = {isa = PBXFileReference; explicitFileType = wrapper.application; includeInIndex = 0; path = Reminder.app; sourceTree = BUILT_PRODUCTS_DIR; };
		CE7901C82C33F78600F8EAB6 /* AppDelegate.swift */ = {isa = PBXFileReference; lastKnownFileType = sourcecode.swift; path = AppDelegate.swift; sourceTree = "<group>"; };
		CE7901CA2C33F78600F8EAB6 /* SceneDelegate.swift */ = {isa = PBXFileReference; lastKnownFileType = sourcecode.swift; path = SceneDelegate.swift; sourceTree = "<group>"; };
		CE7901CC2C33F78600F8EAB6 /* BaseViewController.swift */ = {isa = PBXFileReference; lastKnownFileType = sourcecode.swift; path = BaseViewController.swift; sourceTree = "<group>"; };
		CE7901D12C33F78800F8EAB6 /* Assets.xcassets */ = {isa = PBXFileReference; lastKnownFileType = folder.assetcatalog; path = Assets.xcassets; sourceTree = "<group>"; };
		CE7901D42C33F78900F8EAB6 /* Base */ = {isa = PBXFileReference; lastKnownFileType = file.storyboard; name = Base; path = Base.lproj/LaunchScreen.storyboard; sourceTree = "<group>"; };
		CE7901D62C33F78900F8EAB6 /* Info.plist */ = {isa = PBXFileReference; lastKnownFileType = text.plist.xml; path = Info.plist; sourceTree = "<group>"; };
		CE7901DE2C34003700F8EAB6 /* BaseView.swift */ = {isa = PBXFileReference; lastKnownFileType = sourcecode.swift; path = BaseView.swift; sourceTree = "<group>"; };
		CE7901E22C34023900F8EAB6 /* ListViewController.swift */ = {isa = PBXFileReference; lastKnownFileType = sourcecode.swift; path = ListViewController.swift; sourceTree = "<group>"; };
		CE7901E42C34025500F8EAB6 /* ListView.swift */ = {isa = PBXFileReference; lastKnownFileType = sourcecode.swift; path = ListView.swift; sourceTree = "<group>"; };
		CE7901F22C3406B200F8EAB6 /* AddView.swift */ = {isa = PBXFileReference; lastKnownFileType = sourcecode.swift; path = AddView.swift; sourceTree = "<group>"; };
		CE7901F42C3406C000F8EAB6 /* AddViewController.swift */ = {isa = PBXFileReference; lastKnownFileType = sourcecode.swift; path = AddViewController.swift; sourceTree = "<group>"; };
		CE7901F62C34220C00F8EAB6 /* ListTableViewCell.swift */ = {isa = PBXFileReference; lastKnownFileType = sourcecode.swift; path = ListTableViewCell.swift; sourceTree = "<group>"; };
		CE7901F92C34224400F8EAB6 /* IdentifierProtocol.swift */ = {isa = PBXFileReference; lastKnownFileType = sourcecode.swift; path = IdentifierProtocol.swift; sourceTree = "<group>"; };
		CE7901FC2C342A1800F8EAB6 /* ToDo.swift */ = {isa = PBXFileReference; lastKnownFileType = sourcecode.swift; path = ToDo.swift; sourceTree = "<group>"; };
		CE7901FF2C34A5CE00F8EAB6 /* DataAddView.swift */ = {isa = PBXFileReference; lastKnownFileType = sourcecode.swift; path = DataAddView.swift; sourceTree = "<group>"; };
		CE7902052C3590C800F8EAB6 /* MainViewController.swift */ = {isa = PBXFileReference; lastKnownFileType = sourcecode.swift; path = MainViewController.swift; sourceTree = "<group>"; };
		CE7902072C3590DD00F8EAB6 /* MainView.swift */ = {isa = PBXFileReference; lastKnownFileType = sourcecode.swift; path = MainView.swift; sourceTree = "<group>"; };
		CE7902092C359A5800F8EAB6 /* MainCollectionView.swift */ = {isa = PBXFileReference; lastKnownFileType = sourcecode.swift; path = MainCollectionView.swift; sourceTree = "<group>"; };
		CE79020B2C359A7300F8EAB6 /* MainCollectionViewCell.swift */ = {isa = PBXFileReference; lastKnownFileType = sourcecode.swift; path = MainCollectionViewCell.swift; sourceTree = "<group>"; };
		CE79020D2C35B0CF00F8EAB6 /* MainListCategory.swift */ = {isa = PBXFileReference; lastKnownFileType = sourcecode.swift; path = MainListCategory.swift; sourceTree = "<group>"; };
		CE7902152C35DE8600F8EAB6 /* DeadlineViewController.swift */ = {isa = PBXFileReference; lastKnownFileType = sourcecode.swift; path = DeadlineViewController.swift; sourceTree = "<group>"; };
		CE7902172C35DEAA00F8EAB6 /* DeadlineView.swift */ = {isa = PBXFileReference; lastKnownFileType = sourcecode.swift; path = DeadlineView.swift; sourceTree = "<group>"; };
		CE7902192C35DEC300F8EAB6 /* TagViewController.swift */ = {isa = PBXFileReference; lastKnownFileType = sourcecode.swift; path = TagViewController.swift; sourceTree = "<group>"; };
		CE79021B2C35DECF00F8EAB6 /* TagView.swift */ = {isa = PBXFileReference; lastKnownFileType = sourcecode.swift; path = TagView.swift; sourceTree = "<group>"; };
		CE79021D2C35DEE400F8EAB6 /* PriorityViewController.swift */ = {isa = PBXFileReference; lastKnownFileType = sourcecode.swift; path = PriorityViewController.swift; sourceTree = "<group>"; };
		CE79021F2C35DEF200F8EAB6 /* PriorityView.swift */ = {isa = PBXFileReference; lastKnownFileType = sourcecode.swift; path = PriorityView.swift; sourceTree = "<group>"; };
		CE7902212C35DF5A00F8EAB6 /* ImageAddViewController.swift */ = {isa = PBXFileReference; lastKnownFileType = sourcecode.swift; path = ImageAddViewController.swift; sourceTree = "<group>"; };
		CE7902232C35DF6C00F8EAB6 /* ImageAddView.swift */ = {isa = PBXFileReference; lastKnownFileType = sourcecode.swift; path = ImageAddView.swift; sourceTree = "<group>"; };
		CE7902262C36208900F8EAB6 /* ToDoDetailViewController.swift */ = {isa = PBXFileReference; lastKnownFileType = sourcecode.swift; path = ToDoDetailViewController.swift; sourceTree = "<group>"; };
		CE7902282C36209F00F8EAB6 /* ToDoDetailView.swift */ = {isa = PBXFileReference; lastKnownFileType = sourcecode.swift; path = ToDoDetailView.swift; sourceTree = "<group>"; };
		CE79022E2C36675A00F8EAB6 /* ToDoRepository.swift */ = {isa = PBXFileReference; lastKnownFileType = sourcecode.swift; path = ToDoRepository.swift; sourceTree = "<group>"; };
		CEE0229A2C3C0DA300208A8A /* AddFolderViewController.swift */ = {isa = PBXFileReference; lastKnownFileType = sourcecode.swift; path = AddFolderViewController.swift; sourceTree = "<group>"; };
		CEE0229C2C3C0DEC00208A8A /* AddFolderView.swift */ = {isa = PBXFileReference; lastKnownFileType = sourcecode.swift; path = AddFolderView.swift; sourceTree = "<group>"; };
		CEE022AE2C3D4DD700208A8A /* DeadlineViewModel.swift */ = {isa = PBXFileReference; lastKnownFileType = sourcecode.swift; path = DeadlineViewModel.swift; sourceTree = "<group>"; };
		CEE022B02C3D4E6B00208A8A /* Observable.swift */ = {isa = PBXFileReference; lastKnownFileType = sourcecode.swift; path = Observable.swift; sourceTree = "<group>"; };
/* End PBXFileReference section */

/* Begin PBXFrameworksBuildPhase section */
		CE7901C22C33F78600F8EAB6 /* Frameworks */ = {
			isa = PBXFrameworksBuildPhase;
			buildActionMask = 2147483647;
			files = (
				CE7901F12C34053F00F8EAB6 /* Toast in Frameworks */,
				CE7901EE2C34038700F8EAB6 /* RealmSwift in Frameworks */,
				CE7901EB2C34034500F8EAB6 /* SnapKit in Frameworks */,
			);
			runOnlyForDeploymentPostprocessing = 0;
		};
/* End PBXFrameworksBuildPhase section */

/* Begin PBXGroup section */
		CE7901BC2C33F78500F8EAB6 = {
			isa = PBXGroup;
			children = (
				CE7901C72C33F78600F8EAB6 /* Reminder */,
				CE7901C62C33F78600F8EAB6 /* Products */,
			);
			sourceTree = "<group>";
		};
		CE7901C62C33F78600F8EAB6 /* Products */ = {
			isa = PBXGroup;
			children = (
				CE7901C52C33F78600F8EAB6 /* Reminder.app */,
			);
			name = Products;
			sourceTree = "<group>";
		};
		CE7901C72C33F78600F8EAB6 /* Reminder */ = {
			isa = PBXGroup;
			children = (
				CE7901FB2C34298F00F8EAB6 /* Database */,
				CE7901DC2C33FDC400F8EAB6 /* App */,
				CE7901F82C34222D00F8EAB6 /* Util */,
				CE7901FE2C34A3D300F8EAB6 /* Custom */,
				CE7901DD2C33FDCD00F8EAB6 /* Base */,
				CE7902042C35908A00F8EAB6 /* Main */,
				CE7901E02C3401EE00F8EAB6 /* List */,
				CE7901E12C34020200F8EAB6 /* Add */,
				CEE022992C3C0D3200208A8A /* AddFolder */,
				CE7901D12C33F78800F8EAB6 /* Assets.xcassets */,
				CE7901D32C33F78900F8EAB6 /* LaunchScreen.storyboard */,
				CE7901D62C33F78900F8EAB6 /* Info.plist */,
			);
			path = Reminder;
			sourceTree = "<group>";
		};
		CE7901DC2C33FDC400F8EAB6 /* App */ = {
			isa = PBXGroup;
			children = (
				CE7901C82C33F78600F8EAB6 /* AppDelegate.swift */,
				CE7901CA2C33F78600F8EAB6 /* SceneDelegate.swift */,
			);
			path = App;
			sourceTree = "<group>";
		};
		CE7901DD2C33FDCD00F8EAB6 /* Base */ = {
			isa = PBXGroup;
			children = (
				CE7901CC2C33F78600F8EAB6 /* BaseViewController.swift */,
				CE7901DE2C34003700F8EAB6 /* BaseView.swift */,
			);
			path = Base;
			sourceTree = "<group>";
		};
		CE7901E02C3401EE00F8EAB6 /* List */ = {
			isa = PBXGroup;
			children = (
				CE7901E22C34023900F8EAB6 /* ListViewController.swift */,
				CE7901E42C34025500F8EAB6 /* ListView.swift */,
				CE7901F62C34220C00F8EAB6 /* ListTableViewCell.swift */,
				CE7902252C36205A00F8EAB6 /* ToDoDetail */,
			);
			path = List;
			sourceTree = "<group>";
		};
		CE7901E12C34020200F8EAB6 /* Add */ = {
			isa = PBXGroup;
			children = (
				CE7901F42C3406C000F8EAB6 /* AddViewController.swift */,
				CE7901F22C3406B200F8EAB6 /* AddView.swift */,
				CE7902112C35DE0900F8EAB6 /* Deadline */,
				CE7902122C35DE2B00F8EAB6 /* Tag */,
				CE7902132C35DE2F00F8EAB6 /* Priority */,
				CE7902142C35DE3C00F8EAB6 /* Image */,
			);
			path = Add;
			sourceTree = "<group>";
		};
		CE7901F82C34222D00F8EAB6 /* Util */ = {
			isa = PBXGroup;
			children = (
				CE7901F92C34224400F8EAB6 /* IdentifierProtocol.swift */,
				CEE022B02C3D4E6B00208A8A /* Observable.swift */,
			);
			path = Util;
			sourceTree = "<group>";
		};
		CE7901FB2C34298F00F8EAB6 /* Database */ = {
			isa = PBXGroup;
			children = (
				CE7901FC2C342A1800F8EAB6 /* ToDo.swift */,
				CE79022E2C36675A00F8EAB6 /* ToDoRepository.swift */,
			);
			path = Database;
			sourceTree = "<group>";
		};
		CE7901FE2C34A3D300F8EAB6 /* Custom */ = {
			isa = PBXGroup;
			children = (
				CE7901FF2C34A5CE00F8EAB6 /* DataAddView.swift */,
			);
			path = Custom;
			sourceTree = "<group>";
		};
		CE7902042C35908A00F8EAB6 /* Main */ = {
			isa = PBXGroup;
			children = (
				CE7902052C3590C800F8EAB6 /* MainViewController.swift */,
				CE7902072C3590DD00F8EAB6 /* MainView.swift */,
				CE7902092C359A5800F8EAB6 /* MainCollectionView.swift */,
				CE79020B2C359A7300F8EAB6 /* MainCollectionViewCell.swift */,
				CE79020D2C35B0CF00F8EAB6 /* MainListCategory.swift */,
			);
			path = Main;
			sourceTree = "<group>";
		};
		CE7902112C35DE0900F8EAB6 /* Deadline */ = {
			isa = PBXGroup;
			children = (
				CE7902152C35DE8600F8EAB6 /* DeadlineViewController.swift */,
				CE7902172C35DEAA00F8EAB6 /* DeadlineView.swift */,
				CEE022AE2C3D4DD700208A8A /* DeadlineViewModel.swift */,
			);
			path = Deadline;
			sourceTree = "<group>";
		};
		CE7902122C35DE2B00F8EAB6 /* Tag */ = {
			isa = PBXGroup;
			children = (
				CE7902192C35DEC300F8EAB6 /* TagViewController.swift */,
				CE79021B2C35DECF00F8EAB6 /* TagView.swift */,
			);
			path = Tag;
			sourceTree = "<group>";
		};
		CE7902132C35DE2F00F8EAB6 /* Priority */ = {
			isa = PBXGroup;
			children = (
				CE79021D2C35DEE400F8EAB6 /* PriorityViewController.swift */,
				CE79021F2C35DEF200F8EAB6 /* PriorityView.swift */,
			);
			path = Priority;
			sourceTree = "<group>";
		};
		CE7902142C35DE3C00F8EAB6 /* Image */ = {
			isa = PBXGroup;
			children = (
				CE7902212C35DF5A00F8EAB6 /* ImageAddViewController.swift */,
				CE7902232C35DF6C00F8EAB6 /* ImageAddView.swift */,
			);
			path = Image;
			sourceTree = "<group>";
		};
		CE7902252C36205A00F8EAB6 /* ToDoDetail */ = {
			isa = PBXGroup;
			children = (
				CE7902262C36208900F8EAB6 /* ToDoDetailViewController.swift */,
				CE7902282C36209F00F8EAB6 /* ToDoDetailView.swift */,
			);
			path = ToDoDetail;
			sourceTree = "<group>";
		};
		CEE022992C3C0D3200208A8A /* AddFolder */ = {
			isa = PBXGroup;
			children = (
				CEE0229A2C3C0DA300208A8A /* AddFolderViewController.swift */,
				CEE0229C2C3C0DEC00208A8A /* AddFolderView.swift */,
			);
			path = AddFolder;
			sourceTree = "<group>";
		};
/* End PBXGroup section */

/* Begin PBXNativeTarget section */
		CE7901C42C33F78600F8EAB6 /* Reminder */ = {
			isa = PBXNativeTarget;
			buildConfigurationList = CE7901D92C33F78900F8EAB6 /* Build configuration list for PBXNativeTarget "Reminder" */;
			buildPhases = (
				CE7901C12C33F78600F8EAB6 /* Sources */,
				CE7901C22C33F78600F8EAB6 /* Frameworks */,
				CE7901C32C33F78600F8EAB6 /* Resources */,
				CE7902102C35CD5C00F8EAB6 /* Embed Frameworks */,
			);
			buildRules = (
			);
			dependencies = (
			);
			name = Reminder;
			packageProductDependencies = (
				CE7901EA2C34034500F8EAB6 /* SnapKit */,
				CE7901ED2C34038700F8EAB6 /* RealmSwift */,
				CE7901F02C34053F00F8EAB6 /* Toast */,
			);
			productName = Reminder;
			productReference = CE7901C52C33F78600F8EAB6 /* Reminder.app */;
			productType = "com.apple.product-type.application";
		};
/* End PBXNativeTarget section */

/* Begin PBXProject section */
		CE7901BD2C33F78500F8EAB6 /* Project object */ = {
			isa = PBXProject;
			attributes = {
				BuildIndependentTargetsInParallel = 1;
				LastSwiftUpdateCheck = 1540;
				LastUpgradeCheck = 1540;
				TargetAttributes = {
					CE7901C42C33F78600F8EAB6 = {
						CreatedOnToolsVersion = 15.4;
					};
				};
			};
			buildConfigurationList = CE7901C02C33F78500F8EAB6 /* Build configuration list for PBXProject "Reminder" */;
			compatibilityVersion = "Xcode 14.0";
			developmentRegion = en;
			hasScannedForEncodings = 0;
			knownRegions = (
				en,
				Base,
			);
			mainGroup = CE7901BC2C33F78500F8EAB6;
			packageReferences = (
				CE7901E92C34034400F8EAB6 /* XCRemoteSwiftPackageReference "SnapKit" */,
				CE7901EC2C34038700F8EAB6 /* XCRemoteSwiftPackageReference "realm-swift" */,
				CE7901EF2C34053F00F8EAB6 /* XCRemoteSwiftPackageReference "Toast-Swift" */,
			);
			productRefGroup = CE7901C62C33F78600F8EAB6 /* Products */;
			projectDirPath = "";
			projectRoot = "";
			targets = (
				CE7901C42C33F78600F8EAB6 /* Reminder */,
			);
		};
/* End PBXProject section */

/* Begin PBXResourcesBuildPhase section */
		CE7901C32C33F78600F8EAB6 /* Resources */ = {
			isa = PBXResourcesBuildPhase;
			buildActionMask = 2147483647;
			files = (
				CE7901D22C33F78800F8EAB6 /* Assets.xcassets in Resources */,
				CE7901D52C33F78900F8EAB6 /* Base in Resources */,
			);
			runOnlyForDeploymentPostprocessing = 0;
		};
/* End PBXResourcesBuildPhase section */

/* Begin PBXSourcesBuildPhase section */
		CE7901C12C33F78600F8EAB6 /* Sources */ = {
			isa = PBXSourcesBuildPhase;
			buildActionMask = 2147483647;
			files = (
				CE79021E2C35DEE400F8EAB6 /* PriorityViewController.swift in Sources */,
				CE7901F32C3406B200F8EAB6 /* AddView.swift in Sources */,
				CE7902222C35DF5A00F8EAB6 /* ImageAddViewController.swift in Sources */,
				CE7902202C35DEF200F8EAB6 /* PriorityView.swift in Sources */,
				CE7902082C3590DD00F8EAB6 /* MainView.swift in Sources */,
				CE7902272C36208900F8EAB6 /* ToDoDetailViewController.swift in Sources */,
				CE79020A2C359A5800F8EAB6 /* MainCollectionView.swift in Sources */,
				CE79020E2C35B0CF00F8EAB6 /* MainListCategory.swift in Sources */,
				CE7902162C35DE8600F8EAB6 /* DeadlineViewController.swift in Sources */,
				CE79020C2C359A7300F8EAB6 /* MainCollectionViewCell.swift in Sources */,
				CE7902182C35DEAB00F8EAB6 /* DeadlineView.swift in Sources */,
				CE7902062C3590C800F8EAB6 /* MainViewController.swift in Sources */,
				CE7901CD2C33F78600F8EAB6 /* BaseViewController.swift in Sources */,
				CE7902002C34A5CE00F8EAB6 /* DataAddView.swift in Sources */,
				CE7901F52C3406C000F8EAB6 /* AddViewController.swift in Sources */,
				CE79021C2C35DECF00F8EAB6 /* TagView.swift in Sources */,
				CEE022B12C3D4E6B00208A8A /* Observable.swift in Sources */,
				CE7901C92C33F78600F8EAB6 /* AppDelegate.swift in Sources */,
				CE79022F2C36675B00F8EAB6 /* ToDoRepository.swift in Sources */,
				CE7901E52C34025500F8EAB6 /* ListView.swift in Sources */,
				CE7902242C35DF6C00F8EAB6 /* ImageAddView.swift in Sources */,
				CEE022AF2C3D4DD700208A8A /* DeadlineViewModel.swift in Sources */,
				CEE0229D2C3C0DEC00208A8A /* AddFolderView.swift in Sources */,
				CE7902292C36209F00F8EAB6 /* ToDoDetailView.swift in Sources */,
				CEE0229B2C3C0DA300208A8A /* AddFolderViewController.swift in Sources */,
				CE7901F72C34220C00F8EAB6 /* ListTableViewCell.swift in Sources */,
				CE7901CB2C33F78600F8EAB6 /* SceneDelegate.swift in Sources */,
				CE7901FD2C342A1800F8EAB6 /* ToDo.swift in Sources */,
				CE7901E32C34023900F8EAB6 /* ListViewController.swift in Sources */,
				CE79021A2C35DEC300F8EAB6 /* TagViewController.swift in Sources */,
				CE7901FA2C34224400F8EAB6 /* IdentifierProtocol.swift in Sources */,
				CE7901DF2C34003700F8EAB6 /* BaseView.swift in Sources */,
			);
			runOnlyForDeploymentPostprocessing = 0;
		};
/* End PBXSourcesBuildPhase section */

/* Begin PBXVariantGroup section */
		CE7901D32C33F78900F8EAB6 /* LaunchScreen.storyboard */ = {
			isa = PBXVariantGroup;
			children = (
				CE7901D42C33F78900F8EAB6 /* Base */,
			);
			name = LaunchScreen.storyboard;
			sourceTree = "<group>";
		};
/* End PBXVariantGroup section */

/* Begin XCBuildConfiguration section */
		CE7901D72C33F78900F8EAB6 /* Debug */ = {
			isa = XCBuildConfiguration;
			buildSettings = {
				ALWAYS_SEARCH_USER_PATHS = NO;
				ASSETCATALOG_COMPILER_GENERATE_SWIFT_ASSET_SYMBOL_EXTENSIONS = YES;
				CLANG_ANALYZER_NONNULL = YES;
				CLANG_ANALYZER_NUMBER_OBJECT_CONVERSION = YES_AGGRESSIVE;
				CLANG_CXX_LANGUAGE_STANDARD = "gnu++20";
				CLANG_ENABLE_MODULES = YES;
				CLANG_ENABLE_OBJC_ARC = YES;
				CLANG_ENABLE_OBJC_WEAK = YES;
				CLANG_WARN_BLOCK_CAPTURE_AUTORELEASING = YES;
				CLANG_WARN_BOOL_CONVERSION = YES;
				CLANG_WARN_COMMA = YES;
				CLANG_WARN_CONSTANT_CONVERSION = YES;
				CLANG_WARN_DEPRECATED_OBJC_IMPLEMENTATIONS = YES;
				CLANG_WARN_DIRECT_OBJC_ISA_USAGE = YES_ERROR;
				CLANG_WARN_DOCUMENTATION_COMMENTS = YES;
				CLANG_WARN_EMPTY_BODY = YES;
				CLANG_WARN_ENUM_CONVERSION = YES;
				CLANG_WARN_INFINITE_RECURSION = YES;
				CLANG_WARN_INT_CONVERSION = YES;
				CLANG_WARN_NON_LITERAL_NULL_CONVERSION = YES;
				CLANG_WARN_OBJC_IMPLICIT_RETAIN_SELF = YES;
				CLANG_WARN_OBJC_LITERAL_CONVERSION = YES;
				CLANG_WARN_OBJC_ROOT_CLASS = YES_ERROR;
				CLANG_WARN_QUOTED_INCLUDE_IN_FRAMEWORK_HEADER = YES;
				CLANG_WARN_RANGE_LOOP_ANALYSIS = YES;
				CLANG_WARN_STRICT_PROTOTYPES = YES;
				CLANG_WARN_SUSPICIOUS_MOVE = YES;
				CLANG_WARN_UNGUARDED_AVAILABILITY = YES_AGGRESSIVE;
				CLANG_WARN_UNREACHABLE_CODE = YES;
				CLANG_WARN__DUPLICATE_METHOD_MATCH = YES;
				COPY_PHASE_STRIP = NO;
				DEBUG_INFORMATION_FORMAT = dwarf;
				ENABLE_STRICT_OBJC_MSGSEND = YES;
				ENABLE_TESTABILITY = YES;
				ENABLE_USER_SCRIPT_SANDBOXING = YES;
				GCC_C_LANGUAGE_STANDARD = gnu17;
				GCC_DYNAMIC_NO_PIC = NO;
				GCC_NO_COMMON_BLOCKS = YES;
				GCC_OPTIMIZATION_LEVEL = 0;
				GCC_PREPROCESSOR_DEFINITIONS = (
					"DEBUG=1",
					"$(inherited)",
				);
				GCC_WARN_64_TO_32_BIT_CONVERSION = YES;
				GCC_WARN_ABOUT_RETURN_TYPE = YES_ERROR;
				GCC_WARN_UNDECLARED_SELECTOR = YES;
				GCC_WARN_UNINITIALIZED_AUTOS = YES_AGGRESSIVE;
				GCC_WARN_UNUSED_FUNCTION = YES;
				GCC_WARN_UNUSED_VARIABLE = YES;
				IPHONEOS_DEPLOYMENT_TARGET = 17.5;
				LOCALIZATION_PREFERS_STRING_CATALOGS = YES;
				MTL_ENABLE_DEBUG_INFO = INCLUDE_SOURCE;
				MTL_FAST_MATH = YES;
				ONLY_ACTIVE_ARCH = YES;
				SDKROOT = iphoneos;
				SWIFT_ACTIVE_COMPILATION_CONDITIONS = "DEBUG $(inherited)";
				SWIFT_OPTIMIZATION_LEVEL = "-Onone";
			};
			name = Debug;
		};
		CE7901D82C33F78900F8EAB6 /* Release */ = {
			isa = XCBuildConfiguration;
			buildSettings = {
				ALWAYS_SEARCH_USER_PATHS = NO;
				ASSETCATALOG_COMPILER_GENERATE_SWIFT_ASSET_SYMBOL_EXTENSIONS = YES;
				CLANG_ANALYZER_NONNULL = YES;
				CLANG_ANALYZER_NUMBER_OBJECT_CONVERSION = YES_AGGRESSIVE;
				CLANG_CXX_LANGUAGE_STANDARD = "gnu++20";
				CLANG_ENABLE_MODULES = YES;
				CLANG_ENABLE_OBJC_ARC = YES;
				CLANG_ENABLE_OBJC_WEAK = YES;
				CLANG_WARN_BLOCK_CAPTURE_AUTORELEASING = YES;
				CLANG_WARN_BOOL_CONVERSION = YES;
				CLANG_WARN_COMMA = YES;
				CLANG_WARN_CONSTANT_CONVERSION = YES;
				CLANG_WARN_DEPRECATED_OBJC_IMPLEMENTATIONS = YES;
				CLANG_WARN_DIRECT_OBJC_ISA_USAGE = YES_ERROR;
				CLANG_WARN_DOCUMENTATION_COMMENTS = YES;
				CLANG_WARN_EMPTY_BODY = YES;
				CLANG_WARN_ENUM_CONVERSION = YES;
				CLANG_WARN_INFINITE_RECURSION = YES;
				CLANG_WARN_INT_CONVERSION = YES;
				CLANG_WARN_NON_LITERAL_NULL_CONVERSION = YES;
				CLANG_WARN_OBJC_IMPLICIT_RETAIN_SELF = YES;
				CLANG_WARN_OBJC_LITERAL_CONVERSION = YES;
				CLANG_WARN_OBJC_ROOT_CLASS = YES_ERROR;
				CLANG_WARN_QUOTED_INCLUDE_IN_FRAMEWORK_HEADER = YES;
				CLANG_WARN_RANGE_LOOP_ANALYSIS = YES;
				CLANG_WARN_STRICT_PROTOTYPES = YES;
				CLANG_WARN_SUSPICIOUS_MOVE = YES;
				CLANG_WARN_UNGUARDED_AVAILABILITY = YES_AGGRESSIVE;
				CLANG_WARN_UNREACHABLE_CODE = YES;
				CLANG_WARN__DUPLICATE_METHOD_MATCH = YES;
				COPY_PHASE_STRIP = NO;
				DEBUG_INFORMATION_FORMAT = "dwarf-with-dsym";
				ENABLE_NS_ASSERTIONS = NO;
				ENABLE_STRICT_OBJC_MSGSEND = YES;
				ENABLE_USER_SCRIPT_SANDBOXING = YES;
				GCC_C_LANGUAGE_STANDARD = gnu17;
				GCC_NO_COMMON_BLOCKS = YES;
				GCC_WARN_64_TO_32_BIT_CONVERSION = YES;
				GCC_WARN_ABOUT_RETURN_TYPE = YES_ERROR;
				GCC_WARN_UNDECLARED_SELECTOR = YES;
				GCC_WARN_UNINITIALIZED_AUTOS = YES_AGGRESSIVE;
				GCC_WARN_UNUSED_FUNCTION = YES;
				GCC_WARN_UNUSED_VARIABLE = YES;
				IPHONEOS_DEPLOYMENT_TARGET = 17.5;
				LOCALIZATION_PREFERS_STRING_CATALOGS = YES;
				MTL_ENABLE_DEBUG_INFO = NO;
				MTL_FAST_MATH = YES;
				SDKROOT = iphoneos;
				SWIFT_COMPILATION_MODE = wholemodule;
				VALIDATE_PRODUCT = YES;
			};
			name = Release;
		};
		CE7901DA2C33F78900F8EAB6 /* Debug */ = {
			isa = XCBuildConfiguration;
			buildSettings = {
				ASSETCATALOG_COMPILER_APPICON_NAME = AppIcon;
				ASSETCATALOG_COMPILER_GLOBAL_ACCENT_COLOR_NAME = AccentColor;
				CODE_SIGN_STYLE = Automatic;
				CURRENT_PROJECT_VERSION = 1;
				DEVELOPMENT_TEAM = 3CHY8M792C;
				GENERATE_INFOPLIST_FILE = YES;
				INFOPLIST_FILE = Reminder/Info.plist;
				INFOPLIST_KEY_UIApplicationSupportsIndirectInputEvents = YES;
				INFOPLIST_KEY_UILaunchStoryboardName = LaunchScreen;
				INFOPLIST_KEY_UISupportedInterfaceOrientations = UIInterfaceOrientationPortrait;
				INFOPLIST_KEY_UISupportedInterfaceOrientations_iPad = UIInterfaceOrientationPortrait;
				IPHONEOS_DEPLOYMENT_TARGET = 16.0;
				LD_RUNPATH_SEARCH_PATHS = (
					"$(inherited)",
					"@executable_path/Frameworks",
				);
				MARKETING_VERSION = 1.0;
				PRODUCT_BUNDLE_IDENTIFIER = com.nero.Reminder;
				PRODUCT_NAME = "$(TARGET_NAME)";
				SUPPORTED_PLATFORMS = "iphoneos iphonesimulator";
				SUPPORTS_MACCATALYST = NO;
				SUPPORTS_MAC_DESIGNED_FOR_IPHONE_IPAD = NO;
				SUPPORTS_XR_DESIGNED_FOR_IPHONE_IPAD = NO;
				SWIFT_EMIT_LOC_STRINGS = YES;
				SWIFT_VERSION = 5.0;
				TARGETED_DEVICE_FAMILY = 1;
			};
			name = Debug;
		};
		CE7901DB2C33F78900F8EAB6 /* Release */ = {
			isa = XCBuildConfiguration;
			buildSettings = {
				ASSETCATALOG_COMPILER_APPICON_NAME = AppIcon;
				ASSETCATALOG_COMPILER_GLOBAL_ACCENT_COLOR_NAME = AccentColor;
				CODE_SIGN_STYLE = Automatic;
				CURRENT_PROJECT_VERSION = 1;
				DEVELOPMENT_TEAM = 3CHY8M792C;
				GENERATE_INFOPLIST_FILE = YES;
				INFOPLIST_FILE = Reminder/Info.plist;
				INFOPLIST_KEY_UIApplicationSupportsIndirectInputEvents = YES;
				INFOPLIST_KEY_UILaunchStoryboardName = LaunchScreen;
				INFOPLIST_KEY_UISupportedInterfaceOrientations = UIInterfaceOrientationPortrait;
				INFOPLIST_KEY_UISupportedInterfaceOrientations_iPad = UIInterfaceOrientationPortrait;
				IPHONEOS_DEPLOYMENT_TARGET = 16.0;
				LD_RUNPATH_SEARCH_PATHS = (
					"$(inherited)",
					"@executable_path/Frameworks",
				);
				MARKETING_VERSION = 1.0;
				PRODUCT_BUNDLE_IDENTIFIER = com.nero.Reminder;
				PRODUCT_NAME = "$(TARGET_NAME)";
				SUPPORTED_PLATFORMS = "iphoneos iphonesimulator";
				SUPPORTS_MACCATALYST = NO;
				SUPPORTS_MAC_DESIGNED_FOR_IPHONE_IPAD = NO;
				SUPPORTS_XR_DESIGNED_FOR_IPHONE_IPAD = NO;
				SWIFT_EMIT_LOC_STRINGS = YES;
				SWIFT_VERSION = 5.0;
				TARGETED_DEVICE_FAMILY = 1;
			};
			name = Release;
		};
/* End XCBuildConfiguration section */

/* Begin XCConfigurationList section */
		CE7901C02C33F78500F8EAB6 /* Build configuration list for PBXProject "Reminder" */ = {
			isa = XCConfigurationList;
			buildConfigurations = (
				CE7901D72C33F78900F8EAB6 /* Debug */,
				CE7901D82C33F78900F8EAB6 /* Release */,
			);
			defaultConfigurationIsVisible = 0;
			defaultConfigurationName = Release;
		};
		CE7901D92C33F78900F8EAB6 /* Build configuration list for PBXNativeTarget "Reminder" */ = {
			isa = XCConfigurationList;
			buildConfigurations = (
				CE7901DA2C33F78900F8EAB6 /* Debug */,
				CE7901DB2C33F78900F8EAB6 /* Release */,
			);
			defaultConfigurationIsVisible = 0;
			defaultConfigurationName = Release;
		};
/* End XCConfigurationList section */

/* Begin XCRemoteSwiftPackageReference section */
		CE7901E92C34034400F8EAB6 /* XCRemoteSwiftPackageReference "SnapKit" */ = {
			isa = XCRemoteSwiftPackageReference;
			repositoryURL = "https://github.com/SnapKit/SnapKit";
			requirement = {
				kind = upToNextMajorVersion;
				minimumVersion = 5.7.1;
			};
		};
		CE7901EC2C34038700F8EAB6 /* XCRemoteSwiftPackageReference "realm-swift" */ = {
			isa = XCRemoteSwiftPackageReference;
			repositoryURL = "https://github.com/realm/realm-swift.git";
			requirement = {
				kind = exactVersion;
				version = 10.52.1;
			};
		};
		CE7901EF2C34053F00F8EAB6 /* XCRemoteSwiftPackageReference "Toast-Swift" */ = {
			isa = XCRemoteSwiftPackageReference;
			repositoryURL = "https://github.com/scalessec/Toast-Swift.git";
			requirement = {
				kind = upToNextMajorVersion;
				minimumVersion = 5.1.1;
			};
		};
/* End XCRemoteSwiftPackageReference section */

/* Begin XCSwiftPackageProductDependency section */
		CE7901EA2C34034500F8EAB6 /* SnapKit */ = {
			isa = XCSwiftPackageProductDependency;
			package = CE7901E92C34034400F8EAB6 /* XCRemoteSwiftPackageReference "SnapKit" */;
			productName = SnapKit;
		};
		CE7901ED2C34038700F8EAB6 /* RealmSwift */ = {
			isa = XCSwiftPackageProductDependency;
			package = CE7901EC2C34038700F8EAB6 /* XCRemoteSwiftPackageReference "realm-swift" */;
			productName = RealmSwift;
		};
		CE7901F02C34053F00F8EAB6 /* Toast */ = {
			isa = XCSwiftPackageProductDependency;
			package = CE7901EF2C34053F00F8EAB6 /* XCRemoteSwiftPackageReference "Toast-Swift" */;
			productName = Toast;
		};
/* End XCSwiftPackageProductDependency section */
	};
	rootObject = CE7901BD2C33F78500F8EAB6 /* Project object */;
}
